// !$*UTF8*$!
{
	archiveVersion = 1;
	classes = {
	};
	objectVersion = 46;
	objects = {

/* Begin PBXBuildFile section */
		D507CEEE1B83FA0400102412 /* main.m in Sources */ = {isa = PBXBuildFile; fileRef = D507CEED1B83FA0400102412 /* main.m */; };
		D507CF0F1B8697CA00102412 /* changeArray.m in Sources */ = {isa = PBXBuildFile; fileRef = D507CF0E1B8697CA00102412 /* changeArray.m */; };
/* End PBXBuildFile section */

/* Begin PBXCopyFilesBuildPhase section */
		D507CEE81B83FA0300102412 /* CopyFiles */ = {
			isa = PBXCopyFilesBuildPhase;
			buildActionMask = 2147483647;
			dstPath = /usr/share/man/man1/;
			dstSubfolderSpec = 0;
			files = (
			);
			runOnlyForDeploymentPostprocessing = 1;
		};
/* End PBXCopyFilesBuildPhase section */

/* Begin PBXFileReference section */
		D507CEEA1B83FA0300102412 /* Problem_Set_4 */ = {isa = PBXFileReference; explicitFileType = "compiled.mach-o.executable"; includeInIndex = 0; path = Problem_Set_4; sourceTree = BUILT_PRODUCTS_DIR; };
		D507CEED1B83FA0400102412 /* main.m */ = {isa = PBXFileReference; lastKnownFileType = sourcecode.c.objc; path = main.m; sourceTree = "<group>"; };
		D507CF0D1B8697CA00102412 /* changeArray.h */ = {isa = PBXFileReference; fileEncoding = 4; lastKnownFileType = sourcecode.c.h; path = changeArray.h; sourceTree = "<group>"; };
		D507CF0E1B8697CA00102412 /* changeArray.m */ = {isa = PBXFileReference; fileEncoding = 4; lastKnownFileType = sourcecode.c.objc; path = changeArray.m; sourceTree = "<group>"; };
/* End PBXFileReference section */

/* Begin PBXFrameworksBuildPhase section */
		D507CEE71B83FA0300102412 /* Frameworks */ = {
			isa = PBXFrameworksBuildPhase;
			buildActionMask = 2147483647;
			files = (
			);
			runOnlyForDeploymentPostprocessing = 0;
		};
/* End PBXFrameworksBuildPhase section */

/* Begin PBXGroup section */
		D507CEE11B83FA0300102412 = {
			isa = PBXGroup;
			children = (
				D507CEEC1B83FA0300102412 /* Problem_Set_4 */,
				D507CEEB1B83FA0300102412 /* Products */,
			);
			sourceTree = "<group>";
		};
		D507CEEB1B83FA0300102412 /* Products */ = {
			isa = PBXGroup;
			children = (
				D507CEEA1B83FA0300102412 /* Problem_Set_4 */,
			);
			name = Products;
			sourceTree = "<group>";
		};
		D507CEEC1B83FA0300102412 /* Problem_Set_4 */ = {
			isa = PBXGroup;
			children = (
				D507CEED1B83FA0400102412 /* main.m */,
				D507CF0D1B8697CA00102412 /* changeArray.h */,
				D507CF0E1B8697CA00102412 /* changeArray.m */,
			);
			path = Problem_Set_4;
			sourceTree = "<group>";
		};
/* End PBXGroup section */

/* Begin PBXNativeTarget section */
		D507CEE91B83FA0300102412 /* Problem_Set_4 */ = {
			isa = PBXNativeTarget;
			buildConfigurationList = D507CEF11B83FA0400102412 /* Build configuration list for PBXNativeTarget "Problem_Set_4" */;
			buildPhases = (
				D507CEE61B83FA0300102412 /* Sources */,
				D507CEE71B83FA0300102412 /* Frameworks */,
				D507CEE81B83FA0300102412 /* CopyFiles */,
			);
			buildRules = (
			);
			dependencies = (
			);
			name = Problem_Set_4;
			productName = Problem_Set_4;
			productReference = D507CEEA1B83FA0300102412 /* Problem_Set_4 */;
			productType = "com.apple.product-type.tool";
		};
/* End PBXNativeTarget section */

/* Begin PBXProject section */
		D507CEE21B83FA0300102412 /* Project object */ = {
			isa = PBXProject;
			attributes = {
				LastUpgradeCheck = 0640;
				ORGANIZATIONNAME = new;
				TargetAttributes = {
					D507CEE91B83FA0300102412 = {
						CreatedOnToolsVersion = 6.4;
					};
				};
			};
			buildConfigurationList = D507CEE51B83FA0300102412 /* Build configuration list for PBXProject "Problem_Set_4" */;
			compatibilityVersion = "Xcode 3.2";
			developmentRegion = English;
			hasScannedForEncodings = 0;
			knownRegions = (
				en,
			);
			mainGroup = D507CEE11B83FA0300102412;
			productRefGroup = D507CEEB1B83FA0300102412 /* Products */;
			projectDirPath = "";
			projectRoot = "";
			targets = (
				D507CEE91B83FA0300102412 /* Problem_Set_4 */,
			);
		};
/* End PBXProject section */

/* Begin PBXSourcesBuildPhase section */
		D507CEE61B83FA0300102412 /* Sources */ = {
			isa = PBXSourcesBuildPhase;
			buildActionMask = 2147483647;
			files = (
				D507CEEE1B83FA0400102412 /* main.m in Sources */,
				D507CF0F1B8697CA00102412 /* changeArray.m in Sources */,
			);
			runOnlyForDeploymentPostprocessing = 0;
		};
/* End PBXSourcesBuildPhase section */

/* Begin XCBuildConfiguration section */
		D507CEEF1B83FA0400102412 /* Debug */ = {
			isa = XCBuildConfiguration;
			buildSettings = {
				ALWAYS_SEARCH_USER_PATHS = NO;
				CLANG_CXX_LANGUAGE_STANDARD = "gnu++0x";
				CLANG_CXX_LIBRARY = "libc++";
				CLANG_ENABLE_MODULES = YES;
				CLANG_ENABLE_OBJC_ARC = YES;
				CLANG_WARN_BOOL_CONVERSION = YES;
				CLANG_WARN_CONSTANT_CONVERSION = YES;
				CLANG_WARN_DIRECT_OBJC_ISA_USAGE = YES_ERROR;
				CLANG_WARN_EMPTY_BODY = YES;
				CLANG_WARN_ENUM_CONVERSION = YES;
				CLANG_WARN_INT_CONVERSION = YES;
				CLANG_WARN_OBJC_ROOT_CLASS = YES_ERROR;
				CLANG_WARN_UNREACHABLE_CODE = YES;
				CLANG_WARN__DUPLICATE_METHOD_MATCH = YES;
				COPY_PHASE_STRIP = NO;
				DEBUG_INFORMATION_FORMAT = dwarf;
				ENABLE_STRICT_OBJC_MSGSEND = YES;
				GCC_C_LANGUAGE_STANDARD = gnu99;
				GCC_DYNAMIC_NO_PIC = NO;
				GCC_NO_COMMON_BLOCKS = YES;
				GCC_OPTIMIZATION_LEVEL = 0;
				GCC_PREPROCESSOR_DEFINITIONS = (
					"DEBUG=1",
					"$(inherited)",
				);
				GCC_SYMBOLS_PRIVATE_EXTERN = NO;
				GCC_WARN_64_TO_32_BIT_CONVERSION = YES;
				GCC_WARN_ABOUT_RETURN_TYPE = YES_ERROR;
				GCC_WARN_UNDECLARED_SELECTOR = YES;
				GCC_WARN_UNINITIALIZED_AUTOS = YES_AGGRESSIVE;
				GCC_WARN_UNUSED_FUNCTION = YES;
				GCC_WARN_UNUSED_VARIABLE = YES;
				MACOSX_DEPLOYMENT_TARGET = 10.10;
				MTL_ENABLE_DEBUG_INFO = YES;
				ONLY_ACTIVE_ARCH = YES;
				SDKROOT = macosx;
			};
			name = Debug;
		};
		D507CEF01B83FA0400102412 /* Release */ = {
			isa = XCBuildConfiguration;
			buildSettings = {
				ALWAYS_SEARCH_USER_PATHS = NO;
				CLANG_CXX_LANGUAGE_STANDARD = "gnu++0x";
				CLANG_CXX_LIBRARY = "libc++";
				CLANG_ENABLE_MODULES = YES;
				CLANG_ENABLE_OBJC_ARC = YES;
				CLANG_WARN_BOOL_CONVERSION = YES;
				CLANG_WARN_CONSTANT_CONVERSION = YES;
				CLANG_WARN_DIRECT_OBJC_ISA_USAGE = YES_ERROR;
				CLANG_WARN_EMPTY_BODY = YES;
				CLANG_WARN_ENUM_CONVERSION = YES;
				CLANG_WARN_INT_CONVERSION = YES;
				CLANG_WARN_OBJC_ROOT_CLASS = YES_ERROR;
				CLANG_WARN_UNREACHABLE_CODE = YES;
				CLANG_WARN__DUPLICATE_METHOD_MATCH = YES;
				COPY_PHASE_STRIP = NO;
				DEBUG_INFORMATION_FORMAT = "dwarf-with-dsym";
				ENABLE_NS_ASSERTIONS = NO;
				ENABLE_STRICT_OBJC_MSGSEND = YES;
				GCC_C_LANGUAGE_STANDARD = gnu99;
				GCC_NO_COMMON_BLOCKS = YES;
				GCC_WARN_64_TO_32_BIT_CONVERSION = YES;
				GCC_WARN_ABOUT_RETURN_TYPE = YES_ERROR;
				GCC_WARN_UNDECLARED_SELECTOR = YES;
				GCC_WARN_UNINITIALIZED_AUTOS = YES_AGGRESSIVE;
				GCC_WARN_UNUSED_FUNCTION = YES;
				GCC_WARN_UNUSED_VARIABLE = YES;
				MACOSX_DEPLOYMENT_TARGET = 10.10;
				MTL_ENABLE_DEBUG_INFO = NO;
				SDKROOT = macosx;
			};
			name = Release;
		};
		D507CEF21B83FA0400102412 /* Debug */ = {
			isa = XCBuildConfiguration;
			buildSettings = {
				PRODUCT_NAME = "$(TARGET_NAME)";
			};
			name = Debug;
		};
		D507CEF31B83FA0400102412 /* Release */ = {
			isa = XCBuildConfiguration;
			buildSettings = {
				PRODUCT_NAME = "$(TARGET_NAME)";
			};
			name = Release;
		};
/* End XCBuildConfiguration section */

/* Begin XCConfigurationList section */
		D507CEE51B83FA0300102412 /* Build configuration list for PBXProject "Problem_Set_4" */ = {
			isa = XCConfigurationList;
			buildConfigurations = (
				D507CEEF1B83FA0400102412 /* Debug */,
				D507CEF01B83FA0400102412 /* Release */,
			);
			defaultConfigurationIsVisible = 0;
			defaultConfigurationName = Release;
		};
		D507CEF11B83FA0400102412 /* Build configuration list for PBXNativeTarget "Problem_Set_4" */ = {
			isa = XCConfigurationList;
			buildConfigurations = (
				D507CEF21B83FA0400102412 /* Debug */,
				D507CEF31B83FA0400102412 /* Release */,
			);
			defaultConfigurationIsVisible = 0;
		};
/* End XCConfigurationList section */
	};
	rootObject = D507CEE21B83FA0300102412 /* Project object */;
}
