// !$*UTF8*$!
{
	archiveVersion = 1;
	classes = {
	};
	objectVersion = 46;
	objects = {

/* Begin PBXBuildFile section */
		D5C35FAC1B9011F10042B20D /* main.m in Sources */ = {isa = PBXBuildFile; fileRef = D5C35FAB1B9011F10042B20D /* main.m */; };
		D5C35FAF1B9011F10042B20D /* AppDelegate.m in Sources */ = {isa = PBXBuildFile; fileRef = D5C35FAE1B9011F10042B20D /* AppDelegate.m */; };
		D5C35FB51B9011F10042B20D /* Main.storyboard in Resources */ = {isa = PBXBuildFile; fileRef = D5C35FB31B9011F10042B20D /* Main.storyboard */; };
		D5C35FB71B9011F10042B20D /* Images.xcassets in Resources */ = {isa = PBXBuildFile; fileRef = D5C35FB61B9011F10042B20D /* Images.xcassets */; };
		D5C35FBA1B9011F10042B20D /* LaunchScreen.xib in Resources */ = {isa = PBXBuildFile; fileRef = D5C35FB81B9011F10042B20D /* LaunchScreen.xib */; };
		D5C35FC61B9011F10042B20D /* BestFreshPrinceEpisodesTests.m in Sources */ = {isa = PBXBuildFile; fileRef = D5C35FC51B9011F10042B20D /* BestFreshPrinceEpisodesTests.m */; };
		D5C35FD11B9013E00042B20D /* CustomTableViewController.m in Sources */ = {isa = PBXBuildFile; fileRef = D5C35FD01B9013E00042B20D /* CustomTableViewController.m */; };
		D5C35FD71B902CA50042B20D /* CustomTableViewCell.m in Sources */ = {isa = PBXBuildFile; fileRef = D5C35FD61B902CA50042B20D /* CustomTableViewCell.m */; };
/* End PBXBuildFile section */

/* Begin PBXContainerItemProxy section */
		D5C35FC01B9011F10042B20D /* PBXContainerItemProxy */ = {
			isa = PBXContainerItemProxy;
			containerPortal = D5C35F9E1B9011F10042B20D /* Project object */;
			proxyType = 1;
			remoteGlobalIDString = D5C35FA51B9011F10042B20D;
			remoteInfo = BestFreshPrinceEpisodes;
		};
/* End PBXContainerItemProxy section */

/* Begin PBXFileReference section */
		D5C35FA61B9011F10042B20D /* BestFreshPrinceEpisodes.app */ = {isa = PBXFileReference; explicitFileType = wrapper.application; includeInIndex = 0; path = BestFreshPrinceEpisodes.app; sourceTree = BUILT_PRODUCTS_DIR; };
		D5C35FAA1B9011F10042B20D /* Info.plist */ = {isa = PBXFileReference; lastKnownFileType = text.plist.xml; path = Info.plist; sourceTree = "<group>"; };
		D5C35FAB1B9011F10042B20D /* main.m */ = {isa = PBXFileReference; lastKnownFileType = sourcecode.c.objc; path = main.m; sourceTree = "<group>"; };
		D5C35FAD1B9011F10042B20D /* AppDelegate.h */ = {isa = PBXFileReference; lastKnownFileType = sourcecode.c.h; path = AppDelegate.h; sourceTree = "<group>"; };
		D5C35FAE1B9011F10042B20D /* AppDelegate.m */ = {isa = PBXFileReference; lastKnownFileType = sourcecode.c.objc; path = AppDelegate.m; sourceTree = "<group>"; };
		D5C35FB41B9011F10042B20D /* Base */ = {isa = PBXFileReference; lastKnownFileType = file.storyboard; name = Base; path = Base.lproj/Main.storyboard; sourceTree = "<group>"; };
		D5C35FB61B9011F10042B20D /* Images.xcassets */ = {isa = PBXFileReference; lastKnownFileType = folder.assetcatalog; path = Images.xcassets; sourceTree = "<group>"; };
		D5C35FB91B9011F10042B20D /* Base */ = {isa = PBXFileReference; lastKnownFileType = file.xib; name = Base; path = Base.lproj/LaunchScreen.xib; sourceTree = "<group>"; };
		D5C35FBF1B9011F10042B20D /* BestFreshPrinceEpisodesTests.xctest */ = {isa = PBXFileReference; explicitFileType = wrapper.cfbundle; includeInIndex = 0; path = BestFreshPrinceEpisodesTests.xctest; sourceTree = BUILT_PRODUCTS_DIR; };
		D5C35FC41B9011F10042B20D /* Info.plist */ = {isa = PBXFileReference; lastKnownFileType = text.plist.xml; path = Info.plist; sourceTree = "<group>"; };
		D5C35FC51B9011F10042B20D /* BestFreshPrinceEpisodesTests.m */ = {isa = PBXFileReference; lastKnownFileType = sourcecode.c.objc; path = BestFreshPrinceEpisodesTests.m; sourceTree = "<group>"; };
		D5C35FCF1B9013E00042B20D /* CustomTableViewController.h */ = {isa = PBXFileReference; fileEncoding = 4; lastKnownFileType = sourcecode.c.h; path = CustomTableViewController.h; sourceTree = "<group>"; };
		D5C35FD01B9013E00042B20D /* CustomTableViewController.m */ = {isa = PBXFileReference; fileEncoding = 4; lastKnownFileType = sourcecode.c.objc; path = CustomTableViewController.m; sourceTree = "<group>"; };
		D5C35FD51B902CA50042B20D /* CustomTableViewCell.h */ = {isa = PBXFileReference; fileEncoding = 4; lastKnownFileType = sourcecode.c.h; path = CustomTableViewCell.h; sourceTree = "<group>"; };
		D5C35FD61B902CA50042B20D /* CustomTableViewCell.m */ = {isa = PBXFileReference; fileEncoding = 4; lastKnownFileType = sourcecode.c.objc; path = CustomTableViewCell.m; sourceTree = "<group>"; };
/* End PBXFileReference section */

/* Begin PBXFrameworksBuildPhase section */
		D5C35FA31B9011F10042B20D /* Frameworks */ = {
			isa = PBXFrameworksBuildPhase;
			buildActionMask = 2147483647;
			files = (
			);
			runOnlyForDeploymentPostprocessing = 0;
		};
		D5C35FBC1B9011F10042B20D /* Frameworks */ = {
			isa = PBXFrameworksBuildPhase;
			buildActionMask = 2147483647;
			files = (
			);
			runOnlyForDeploymentPostprocessing = 0;
		};
/* End PBXFrameworksBuildPhase section */

/* Begin PBXGroup section */
		D5C35F9D1B9011F10042B20D = {
			isa = PBXGroup;
			children = (
				D5C35FA81B9011F10042B20D /* BestFreshPrinceEpisodes */,
				D5C35FC21B9011F10042B20D /* BestFreshPrinceEpisodesTests */,
				D5C35FA71B9011F10042B20D /* Products */,
			);
			sourceTree = "<group>";
		};
		D5C35FA71B9011F10042B20D /* Products */ = {
			isa = PBXGroup;
			children = (
				D5C35FA61B9011F10042B20D /* BestFreshPrinceEpisodes.app */,
				D5C35FBF1B9011F10042B20D /* BestFreshPrinceEpisodesTests.xctest */,
			);
			name = Products;
			sourceTree = "<group>";
		};
		D5C35FA81B9011F10042B20D /* BestFreshPrinceEpisodes */ = {
			isa = PBXGroup;
			children = (
				D5C35FAD1B9011F10042B20D /* AppDelegate.h */,
				D5C35FAE1B9011F10042B20D /* AppDelegate.m */,
				D5C35FCF1B9013E00042B20D /* CustomTableViewController.h */,
				D5C35FD01B9013E00042B20D /* CustomTableViewController.m */,
				D5C35FB31B9011F10042B20D /* Main.storyboard */,
				D5C35FD51B902CA50042B20D /* CustomTableViewCell.h */,
				D5C35FD61B902CA50042B20D /* CustomTableViewCell.m */,
				D5C35FB61B9011F10042B20D /* Images.xcassets */,
				D5C35FB81B9011F10042B20D /* LaunchScreen.xib */,
				D5C35FA91B9011F10042B20D /* Supporting Files */,
			);
			path = BestFreshPrinceEpisodes;
			sourceTree = "<group>";
		};
		D5C35FA91B9011F10042B20D /* Supporting Files */ = {
			isa = PBXGroup;
			children = (
				D5C35FAA1B9011F10042B20D /* Info.plist */,
				D5C35FAB1B9011F10042B20D /* main.m */,
			);
			name = "Supporting Files";
			sourceTree = "<group>";
		};
		D5C35FC21B9011F10042B20D /* BestFreshPrinceEpisodesTests */ = {
			isa = PBXGroup;
			children = (
				D5C35FC51B9011F10042B20D /* BestFreshPrinceEpisodesTests.m */,
				D5C35FC31B9011F10042B20D /* Supporting Files */,
			);
			path = BestFreshPrinceEpisodesTests;
			sourceTree = "<group>";
		};
		D5C35FC31B9011F10042B20D /* Supporting Files */ = {
			isa = PBXGroup;
			children = (
				D5C35FC41B9011F10042B20D /* Info.plist */,
			);
			name = "Supporting Files";
			sourceTree = "<group>";
		};
/* End PBXGroup section */

/* Begin PBXNativeTarget section */
		D5C35FA51B9011F10042B20D /* BestFreshPrinceEpisodes */ = {
			isa = PBXNativeTarget;
			buildConfigurationList = D5C35FC91B9011F10042B20D /* Build configuration list for PBXNativeTarget "BestFreshPrinceEpisodes" */;
			buildPhases = (
				D5C35FA21B9011F10042B20D /* Sources */,
				D5C35FA31B9011F10042B20D /* Frameworks */,
				D5C35FA41B9011F10042B20D /* Resources */,
			);
			buildRules = (
			);
			dependencies = (
			);
			name = BestFreshPrinceEpisodes;
			productName = BestFreshPrinceEpisodes;
			productReference = D5C35FA61B9011F10042B20D /* BestFreshPrinceEpisodes.app */;
			productType = "com.apple.product-type.application";
		};
		D5C35FBE1B9011F10042B20D /* BestFreshPrinceEpisodesTests */ = {
			isa = PBXNativeTarget;
			buildConfigurationList = D5C35FCC1B9011F10042B20D /* Build configuration list for PBXNativeTarget "BestFreshPrinceEpisodesTests" */;
			buildPhases = (
				D5C35FBB1B9011F10042B20D /* Sources */,
				D5C35FBC1B9011F10042B20D /* Frameworks */,
				D5C35FBD1B9011F10042B20D /* Resources */,
			);
			buildRules = (
			);
			dependencies = (
				D5C35FC11B9011F10042B20D /* PBXTargetDependency */,
			);
			name = BestFreshPrinceEpisodesTests;
			productName = BestFreshPrinceEpisodesTests;
			productReference = D5C35FBF1B9011F10042B20D /* BestFreshPrinceEpisodesTests.xctest */;
			productType = "com.apple.product-type.bundle.unit-test";
		};
/* End PBXNativeTarget section */

/* Begin PBXProject section */
		D5C35F9E1B9011F10042B20D /* Project object */ = {
			isa = PBXProject;
			attributes = {
				LastUpgradeCheck = 0640;
				ORGANIZATIONNAME = new;
				TargetAttributes = {
					D5C35FA51B9011F10042B20D = {
						CreatedOnToolsVersion = 6.4;
					};
					D5C35FBE1B9011F10042B20D = {
						CreatedOnToolsVersion = 6.4;
						TestTargetID = D5C35FA51B9011F10042B20D;
					};
				};
			};
			buildConfigurationList = D5C35FA11B9011F10042B20D /* Build configuration list for PBXProject "BestFreshPrinceEpisodes" */;
			compatibilityVersion = "Xcode 3.2";
			developmentRegion = English;
			hasScannedForEncodings = 0;
			knownRegions = (
				en,
				Base,
			);
			mainGroup = D5C35F9D1B9011F10042B20D;
			productRefGroup = D5C35FA71B9011F10042B20D /* Products */;
			projectDirPath = "";
			projectRoot = "";
			targets = (
				D5C35FA51B9011F10042B20D /* BestFreshPrinceEpisodes */,
				D5C35FBE1B9011F10042B20D /* BestFreshPrinceEpisodesTests */,
			);
		};
/* End PBXProject section */

/* Begin PBXResourcesBuildPhase section */
		D5C35FA41B9011F10042B20D /* Resources */ = {
			isa = PBXResourcesBuildPhase;
			buildActionMask = 2147483647;
			files = (
				D5C35FB51B9011F10042B20D /* Main.storyboard in Resources */,
				D5C35FBA1B9011F10042B20D /* LaunchScreen.xib in Resources */,
				D5C35FB71B9011F10042B20D /* Images.xcassets in Resources */,
			);
			runOnlyForDeploymentPostprocessing = 0;
		};
		D5C35FBD1B9011F10042B20D /* Resources */ = {
			isa = PBXResourcesBuildPhase;
			buildActionMask = 2147483647;
			files = (
			);
			runOnlyForDeploymentPostprocessing = 0;
		};
/* End PBXResourcesBuildPhase section */

/* Begin PBXSourcesBuildPhase section */
		D5C35FA21B9011F10042B20D /* Sources */ = {
			isa = PBXSourcesBuildPhase;
			buildActionMask = 2147483647;
			files = (
				D5C35FAF1B9011F10042B20D /* AppDelegate.m in Sources */,
				D5C35FD11B9013E00042B20D /* CustomTableViewController.m in Sources */,
				D5C35FD71B902CA50042B20D /* CustomTableViewCell.m in Sources */,
				D5C35FAC1B9011F10042B20D /* main.m in Sources */,
			);
			runOnlyForDeploymentPostprocessing = 0;
		};
		D5C35FBB1B9011F10042B20D /* Sources */ = {
			isa = PBXSourcesBuildPhase;
			buildActionMask = 2147483647;
			files = (
				D5C35FC61B9011F10042B20D /* BestFreshPrinceEpisodesTests.m in Sources */,
			);
			runOnlyForDeploymentPostprocessing = 0;
		};
/* End PBXSourcesBuildPhase section */

/* Begin PBXTargetDependency section */
		D5C35FC11B9011F10042B20D /* PBXTargetDependency */ = {
			isa = PBXTargetDependency;
			target = D5C35FA51B9011F10042B20D /* BestFreshPrinceEpisodes */;
			targetProxy = D5C35FC01B9011F10042B20D /* PBXContainerItemProxy */;
		};
/* End PBXTargetDependency section */

/* Begin PBXVariantGroup section */
		D5C35FB31B9011F10042B20D /* Main.storyboard */ = {
			isa = PBXVariantGroup;
			children = (
				D5C35FB41B9011F10042B20D /* Base */,
			);
			name = Main.storyboard;
			sourceTree = "<group>";
		};
		D5C35FB81B9011F10042B20D /* LaunchScreen.xib */ = {
			isa = PBXVariantGroup;
			children = (
				D5C35FB91B9011F10042B20D /* Base */,
			);
			name = LaunchScreen.xib;
			sourceTree = "<group>";
		};
/* End PBXVariantGroup section */

/* Begin XCBuildConfiguration section */
		D5C35FC71B9011F10042B20D /* Debug */ = {
			isa = XCBuildConfiguration;
			buildSettings = {
				ALWAYS_SEARCH_USER_PATHS = NO;
				CLANG_CXX_LANGUAGE_STANDARD = "gnu++0x";
				CLANG_CXX_LIBRARY = "libc++";
				CLANG_ENABLE_MODULES = YES;
				CLANG_ENABLE_OBJC_ARC = YES;
				CLANG_WARN_BOOL_CONVERSION = YES;
				CLANG_WARN_CONSTANT_CONVERSION = YES;
				CLANG_WARN_DIRECT_OBJC_ISA_USAGE = YES_ERROR;
				CLANG_WARN_EMPTY_BODY = YES;
				CLANG_WARN_ENUM_CONVERSION = YES;
				CLANG_WARN_INT_CONVERSION = YES;
				CLANG_WARN_OBJC_ROOT_CLASS = YES_ERROR;
				CLANG_WARN_UNREACHABLE_CODE = YES;
				CLANG_WARN__DUPLICATE_METHOD_MATCH = YES;
				"CODE_SIGN_IDENTITY[sdk=iphoneos*]" = "iPhone Developer";
				COPY_PHASE_STRIP = NO;
				DEBUG_INFORMATION_FORMAT = "dwarf-with-dsym";
				ENABLE_STRICT_OBJC_MSGSEND = YES;
				GCC_C_LANGUAGE_STANDARD = gnu99;
				GCC_DYNAMIC_NO_PIC = NO;
				GCC_NO_COMMON_BLOCKS = YES;
				GCC_OPTIMIZATION_LEVEL = 0;
				GCC_PREPROCESSOR_DEFINITIONS = (
					"DEBUG=1",
					"$(inherited)",
				);
				GCC_SYMBOLS_PRIVATE_EXTERN = NO;
				GCC_WARN_64_TO_32_BIT_CONVERSION = YES;
				GCC_WARN_ABOUT_RETURN_TYPE = YES_ERROR;
				GCC_WARN_UNDECLARED_SELECTOR = YES;
				GCC_WARN_UNINITIALIZED_AUTOS = YES_AGGRESSIVE;
				GCC_WARN_UNUSED_FUNCTION = YES;
				GCC_WARN_UNUSED_VARIABLE = YES;
				IPHONEOS_DEPLOYMENT_TARGET = 8.4;
				MTL_ENABLE_DEBUG_INFO = YES;
				ONLY_ACTIVE_ARCH = YES;
				SDKROOT = iphoneos;
			};
			name = Debug;
		};
		D5C35FC81B9011F10042B20D /* Release */ = {
			isa = XCBuildConfiguration;
			buildSettings = {
				ALWAYS_SEARCH_USER_PATHS = NO;
				CLANG_CXX_LANGUAGE_STANDARD = "gnu++0x";
				CLANG_CXX_LIBRARY = "libc++";
				CLANG_ENABLE_MODULES = YES;
				CLANG_ENABLE_OBJC_ARC = YES;
				CLANG_WARN_BOOL_CONVERSION = YES;
				CLANG_WARN_CONSTANT_CONVERSION = YES;
				CLANG_WARN_DIRECT_OBJC_ISA_USAGE = YES_ERROR;
				CLANG_WARN_EMPTY_BODY = YES;
				CLANG_WARN_ENUM_CONVERSION = YES;
				CLANG_WARN_INT_CONVERSION = YES;
				CLANG_WARN_OBJC_ROOT_CLASS = YES_ERROR;
				CLANG_WARN_UNREACHABLE_CODE = YES;
				CLANG_WARN__DUPLICATE_METHOD_MATCH = YES;
				"CODE_SIGN_IDENTITY[sdk=iphoneos*]" = "iPhone Developer";
				COPY_PHASE_STRIP = NO;
				DEBUG_INFORMATION_FORMAT = "dwarf-with-dsym";
				ENABLE_NS_ASSERTIONS = NO;
				ENABLE_STRICT_OBJC_MSGSEND = YES;
				GCC_C_LANGUAGE_STANDARD = gnu99;
				GCC_NO_COMMON_BLOCKS = YES;
				GCC_WARN_64_TO_32_BIT_CONVERSION = YES;
				GCC_WARN_ABOUT_RETURN_TYPE = YES_ERROR;
				GCC_WARN_UNDECLARED_SELECTOR = YES;
				GCC_WARN_UNINITIALIZED_AUTOS = YES_AGGRESSIVE;
				GCC_WARN_UNUSED_FUNCTION = YES;
				GCC_WARN_UNUSED_VARIABLE = YES;
				IPHONEOS_DEPLOYMENT_TARGET = 8.4;
				MTL_ENABLE_DEBUG_INFO = NO;
				SDKROOT = iphoneos;
				VALIDATE_PRODUCT = YES;
			};
			name = Release;
		};
		D5C35FCA1B9011F10042B20D /* Debug */ = {
			isa = XCBuildConfiguration;
			buildSettings = {
				ASSETCATALOG_COMPILER_APPICON_NAME = AppIcon;
				INFOPLIST_FILE = BestFreshPrinceEpisodes/Info.plist;
				LD_RUNPATH_SEARCH_PATHS = "$(inherited) @executable_path/Frameworks";
				PRODUCT_NAME = "$(TARGET_NAME)";
			};
			name = Debug;
		};
		D5C35FCB1B9011F10042B20D /* Release */ = {
			isa = XCBuildConfiguration;
			buildSettings = {
				ASSETCATALOG_COMPILER_APPICON_NAME = AppIcon;
				INFOPLIST_FILE = BestFreshPrinceEpisodes/Info.plist;
				LD_RUNPATH_SEARCH_PATHS = "$(inherited) @executable_path/Frameworks";
				PRODUCT_NAME = "$(TARGET_NAME)";
			};
			name = Release;
		};
		D5C35FCD1B9011F10042B20D /* Debug */ = {
			isa = XCBuildConfiguration;
			buildSettings = {
				BUNDLE_LOADER = "$(TEST_HOST)";
				FRAMEWORK_SEARCH_PATHS = (
					"$(SDKROOT)/Developer/Library/Frameworks",
					"$(inherited)",
				);
				GCC_PREPROCESSOR_DEFINITIONS = (
					"DEBUG=1",
					"$(inherited)",
				);
				INFOPLIST_FILE = BestFreshPrinceEpisodesTests/Info.plist;
				LD_RUNPATH_SEARCH_PATHS = "$(inherited) @executable_path/Frameworks @loader_path/Frameworks";
				PRODUCT_NAME = "$(TARGET_NAME)";
				TEST_HOST = "$(BUILT_PRODUCTS_DIR)/BestFreshPrinceEpisodes.app/BestFreshPrinceEpisodes";
			};
			name = Debug;
		};
		D5C35FCE1B9011F10042B20D /* Release */ = {
			isa = XCBuildConfiguration;
			buildSettings = {
				BUNDLE_LOADER = "$(TEST_HOST)";
				FRAMEWORK_SEARCH_PATHS = (
					"$(SDKROOT)/Developer/Library/Frameworks",
					"$(inherited)",
				);
				INFOPLIST_FILE = BestFreshPrinceEpisodesTests/Info.plist;
				LD_RUNPATH_SEARCH_PATHS = "$(inherited) @executable_path/Frameworks @loader_path/Frameworks";
				PRODUCT_NAME = "$(TARGET_NAME)";
				TEST_HOST = "$(BUILT_PRODUCTS_DIR)/BestFreshPrinceEpisodes.app/BestFreshPrinceEpisodes";
			};
			name = Release;
		};
/* End XCBuildConfiguration section */

/* Begin XCConfigurationList section */
		D5C35FA11B9011F10042B20D /* Build configuration list for PBXProject "BestFreshPrinceEpisodes" */ = {
			isa = XCConfigurationList;
			buildConfigurations = (
				D5C35FC71B9011F10042B20D /* Debug */,
				D5C35FC81B9011F10042B20D /* Release */,
			);
			defaultConfigurationIsVisible = 0;
			defaultConfigurationName = Release;
		};
		D5C35FC91B9011F10042B20D /* Build configuration list for PBXNativeTarget "BestFreshPrinceEpisodes" */ = {
			isa = XCConfigurationList;
			buildConfigurations = (
				D5C35FCA1B9011F10042B20D /* Debug */,
				D5C35FCB1B9011F10042B20D /* Release */,
			);
			defaultConfigurationIsVisible = 0;
		};
		D5C35FCC1B9011F10042B20D /* Build configuration list for PBXNativeTarget "BestFreshPrinceEpisodesTests" */ = {
			isa = XCConfigurationList;
			buildConfigurations = (
				D5C35FCD1B9011F10042B20D /* Debug */,
				D5C35FCE1B9011F10042B20D /* Release */,
			);
			defaultConfigurationIsVisible = 0;
		};
/* End XCConfigurationList section */
	};
	rootObject = D5C35F9E1B9011F10042B20D /* Project object */;
}
